
Microsoft Visual Studio Solution File, Format Version 12.00
# Visual Studio Version 17
VisualStudioVersion = 17.14.36717.8 d17.14
MinimumVisualStudioVersion = 10.0.40219.1
Project("{2150E333-8FDC-42A3-9474-1A3956D46DE8}") = "Servicios", "Servicios", "{02EA681E-C7D8-13C7-8484-4AC65E1B71E8}"
EndProject
Project("{2150E333-8FDC-42A3-9474-1A3956D46DE8}") = "Academicos", "Academicos", "{ED06B94A-960A-470E-877D-1C2C2FB5857B}"
EndProject
Project("{FAE04EC0-301F-11D3-BF4B-00C04F79EFBC}") = "ADE.Academico.API", "src\services\ADE.Academico\ADE.Academico.API\ADE.Academico.API.csproj", "{075A832D-F62E-4A5D-A6F7-4B2671C1DBF5}"
EndProject
Project("{FAE04EC0-301F-11D3-BF4B-00C04F79EFBC}") = "ADE.Academico.Application", "src\services\ADE.Academico\ADE.Academico.Application\ADE.Academico.Application.csproj", "{97CF8B16-CCF4-4D08-B524-9BFA19160EC0}"
EndProject
Project("{FAE04EC0-301F-11D3-BF4B-00C04F79EFBC}") = "ADE.Academico.Infrastructure", "src\services\ADE.Academico\ADE.Academico.Infrastructure\ADE.Academico.Infrastructure.csproj", "{533D18E1-023F-433B-B215-FA81367CD112}"
EndProject
Project("{FAE04EC0-301F-11D3-BF4B-00C04F79EFBC}") = "ADE.Academico.Domain", "src\services\ADE.Academico\ADE.Academico.Domain\ADE.Academico.Domain.csproj", "{1E73EE2D-2447-4984-BBD0-4DD576F7E429}"
EndProject
Project("{FAE04EC0-301F-11D3-BF4B-00C04F79EFBC}") = "ADE.Academico.Test", "src\services\ADE.Academico\ADE.Academico.Test\ADE.Academico.Test.csproj", "{0FCD7822-C692-4DD6-86C0-84AA4D9F63E7}"
EndProject
Project("{2150E333-8FDC-42A3-9474-1A3956D46DE8}") = "Estudiantes", "Estudiantes", "{DDE33EC8-F9D9-411B-B705-EFAFAB9F3D7A}"
EndProject
Project("{FAE04EC0-301F-11D3-BF4B-00C04F79EFBC}") = "ADE.Estudiantes.Application", "src\services\ADE.Estudiantes\ADE.Estudiantes.Application\ADE.Estudiantes.Application.csproj", "{8CC9D9FE-0C40-41FE-A21B-E16DBEDCAB54}"
EndProject
Project("{FAE04EC0-301F-11D3-BF4B-00C04F79EFBC}") = "ADE.Estudiantes.Domain", "src\services\ADE.Estudiantes\ADE.Estudiantes.Domain\ADE.Estudiantes.Domain.csproj", "{E00D41C5-6F2A-4C58-B507-D4093CCC3968}"
EndProject
Project("{FAE04EC0-301F-11D3-BF4B-00C04F79EFBC}") = "ADE.Estudiantes.Infrastructure", "src\services\ADE.Estudiantes\ADE.Estudiantes.Infrastructure\ADE.Estudiantes.Infrastructure.csproj", "{90069CD4-3FE7-41B6-8229-A3E9740E812B}"
EndProject
Project("{FAE04EC0-301F-11D3-BF4B-00C04F79EFBC}") = "ADE.Estudiantes.Test", "src\services\ADE.Estudiantes\ADE.Estudiantes.Test\ADE.Estudiantes.Test.csproj", "{EC82B252-2BA4-4938-BB1A-9263567507E9}"
EndProject
Project("{2150E333-8FDC-42A3-9474-1A3956D46DE8}") = "Docentes", "Docentes", "{33D18270-E16C-469D-8893-2E4C933450BD}"
EndProject
Project("{FAE04EC0-301F-11D3-BF4B-00C04F79EFBC}") = "ADE.Docentes.API", "Servicios\Docentes\ADE.Docentes.API\ADE.Docentes.API.csproj", "{2E539F27-F584-42CA-987E-BB526995B624}"
EndProject
Project("{FAE04EC0-301F-11D3-BF4B-00C04F79EFBC}") = "ADE.Docentes.Application", "Servicios\Docentes\ADE.Docentes.Application\ADE.Docentes.Application.csproj", "{7AA5AF1F-3613-44CB-92CB-13A91053E1DA}"
EndProject
Project("{FAE04EC0-301F-11D3-BF4B-00C04F79EFBC}") = "ADE.Docentes.Domain", "Servicios\Docentes\ADE.Docentes.Domain\ADE.Docentes.Domain.csproj", "{CAD1056E-33A0-4F84-8025-64CB0E764B17}"
EndProject
Project("{FAE04EC0-301F-11D3-BF4B-00C04F79EFBC}") = "ADE.Docentes.Infrastructure", "Servicios\Docentes\ADE.Docentes.Infrastructure\ADE.Docentes.Infrastructure.csproj", "{6833CFBF-5D60-40CB-B237-9152F55E31FC}"
EndProject
Project("{FAE04EC0-301F-11D3-BF4B-00C04F79EFBC}") = "ADE.Docentes.Test", "Servicios\Docentes\ADE.Docentes.Test\ADE.Docentes.Test.csproj", "{C08D6B86-9B5A-42DC-8A79-3C4343BAE513}"
EndProject
Project("{2150E333-8FDC-42A3-9474-1A3956D46DE8}") = "Calificaciones", "Calificaciones", "{D92B2225-B6E2-4263-92CC-B6FE5CB8D5E0}"
EndProject
Project("{FAE04EC0-301F-11D3-BF4B-00C04F79EFBC}") = "ADE.Calificaciones.API", "Servicios\Calificaciones\ADE.Calificaciones.API\ADE.Calificaciones.API.csproj", "{4883C682-0D82-46F6-B7D1-732318905F9E}"
EndProject
Project("{FAE04EC0-301F-11D3-BF4B-00C04F79EFBC}") = "ADE.Calificaciones.Application", "Servicios\Calificaciones\ADE.Calificaciones.Application\ADE.Calificaciones.Application.csproj", "{2B8FEB85-EA49-4B0B-9D81-771A29B0B01A}"
EndProject
Project("{FAE04EC0-301F-11D3-BF4B-00C04F79EFBC}") = "ADE.Calificaciones.Domain", "Servicios\Calificaciones\ADE.Calificaciones.Domain\ADE.Calificaciones.Domain.csproj", "{C9FE6F83-9B45-4E91-A0A4-C39CCF3F570E}"
EndProject
Project("{FAE04EC0-301F-11D3-BF4B-00C04F79EFBC}") = "ADE.Calificaciones.Infrastructure", "Servicios\Calificaciones\ADE.Calificaciones.Infrastructure\ADE.Calificaciones.Infrastructure.csproj", "{78298161-0E6A-477E-A6E0-03F7CE67A89B}"
EndProject
Project("{FAE04EC0-301F-11D3-BF4B-00C04F79EFBC}") = "ADE.Estudiantes.API", "src\services\ADE.Estudiantes\ADE.Estudiantes.API\ADE.Estudiantes.API.csproj", "{D190BCEE-06C3-47BA-A2CD-7C5BFC7D916B}"
EndProject
Project("{FAE04EC0-301F-11D3-BF4B-00C04F79EFBC}") = "ADE.Calificaciones.Test", "Servicios\Calificaciones\ADE.Calificaciones.Test\ADE.Calificaciones.Test.csproj", "{F8B58C5B-7685-4DF2-AFE3-E68B7085FC34}"
EndProject
Project("{2150E333-8FDC-42A3-9474-1A3956D46DE8}") = "Seguridad", "Seguridad", "{17E4410F-4652-49CF-A913-B4B55E954CD7}"
EndProject
Project("{FAE04EC0-301F-11D3-BF4B-00C04F79EFBC}") = "ADE.Seguridad.API", "Servicios\Calificaciones\ADE.Seguridad.API\ADE.Seguridad.API.csproj", "{FD2DF041-3C2F-4AB2-90F3-6446E2990595}"
EndProject
Project("{FAE04EC0-301F-11D3-BF4B-00C04F79EFBC}") = "ADE.Seguridad.Application", "Servicios\Calificaciones\ADE.Seguridad.Application\ADE.Seguridad.Application.csproj", "{004E8C58-F5CC-4474-A188-A50A7EEC463F}"
EndProject
Project("{FAE04EC0-301F-11D3-BF4B-00C04F79EFBC}") = "ADE.Seguridad.Domain", "Servicios\Calificaciones\ADE.Seguridad.Domain\ADE.Seguridad.Domain.csproj", "{D56E2D2B-4536-42EC-8E88-2CA7C3C7B907}"
EndProject
Project("{FAE04EC0-301F-11D3-BF4B-00C04F79EFBC}") = "ADE.Seguridad.Infrastructure", "Servicios\Calificaciones\ADE.Seguridad.Infrastructure\ADE.Seguridad.Infrastructure.csproj", "{82D1A96B-09D8-42FB-B2C2-2E140FCBA5AF}"
EndProject
Project("{FAE04EC0-301F-11D3-BF4B-00C04F79EFBC}") = "ADE.Seguridad.Test", "Servicios\Calificaciones\ADE.Seguridad.Test\ADE.Seguridad.Test.csproj", "{77B64B51-C921-4C27-9AE4-09FB69047854}"
EndProject
Project("{2150E333-8FDC-42A3-9474-1A3956D46DE8}") = "Notificaciones", "Notificaciones", "{52B57E04-8BA0-4524-80CF-78DEE73B8AD1}"
EndProject
Project("{FAE04EC0-301F-11D3-BF4B-00C04F79EFBC}") = "ADE.Notificaciones.API", "Servicios\Notificaciones\ADE.Notificaciones.API\ADE.Notificaciones.API.csproj", "{A9134675-BA5A-4F52-9132-B8E25B6D75E2}"
EndProject
Project("{FAE04EC0-301F-11D3-BF4B-00C04F79EFBC}") = "ADE.Notificaciones.Application", "Servicios\Notificaciones\ADE.Notificaciones.Application\ADE.Notificaciones.Application.csproj", "{246651C2-572C-45BE-AEFE-765F7043C62E}"
EndProject
Project("{FAE04EC0-301F-11D3-BF4B-00C04F79EFBC}") = "ADE.Notificaciones.Domain", "Servicios\Notificaciones\ADE.Notificaciones.Domain\ADE.Notificaciones.Domain.csproj", "{6FE645C8-944D-45B8-97C9-CE255EAE4253}"
EndProject
Project("{FAE04EC0-301F-11D3-BF4B-00C04F79EFBC}") = "ADE.Notificaciones.Infrastructure", "Servicios\Notificaciones\ADE.Notificaciones.Infrastructure\ADE.Notificaciones.Infrastructure.csproj", "{2389AE64-35E0-4DB0-A0C1-869C8B5B364C}"
EndProject
Project("{FAE04EC0-301F-11D3-BF4B-00C04F79EFBC}") = "ADE.Notificaciones.Test", "Servicios\Notificaciones\ADE.Notificaciones.Test\ADE.Notificaciones.Test.csproj", "{4E1E563A-FEC2-4ED9-9879-941C976A8860}"
EndProject
Project("{2150E333-8FDC-42A3-9474-1A3956D46DE8}") = "Compartido", "Compartido", "{622B9FAB-080C-4F07-A874-4B4D8FA5AFBC}"
EndProject
Project("{2150E333-8FDC-42A3-9474-1A3956D46DE8}") = "Gateway", "Gateway", "{E0843B3C-61BA-4D6B-B361-29129DD82BAE}"
EndProject
Project("{2150E333-8FDC-42A3-9474-1A3956D46DE8}") = "Frontend", "Frontend", "{8D5E1836-A2E7-47B5-8075-B67FC3E3B9C1}"
EndProject
Global
	GlobalSection(SolutionConfigurationPlatforms) = preSolution
		Debug|Any CPU = Debug|Any CPU
		Release|Any CPU = Release|Any CPU
	EndGlobalSection
	GlobalSection(ProjectConfigurationPlatforms) = postSolution
		{075A832D-F62E-4A5D-A6F7-4B2671C1DBF5}.Debug|Any CPU.ActiveCfg = Debug|Any CPU
		{075A832D-F62E-4A5D-A6F7-4B2671C1DBF5}.Debug|Any CPU.Build.0 = Debug|Any CPU
		{075A832D-F62E-4A5D-A6F7-4B2671C1DBF5}.Release|Any CPU.ActiveCfg = Release|Any CPU
		{075A832D-F62E-4A5D-A6F7-4B2671C1DBF5}.Release|Any CPU.Build.0 = Release|Any CPU
		{97CF8B16-CCF4-4D08-B524-9BFA19160EC0}.Debug|Any CPU.ActiveCfg = Debug|Any CPU
		{97CF8B16-CCF4-4D08-B524-9BFA19160EC0}.Debug|Any CPU.Build.0 = Debug|Any CPU
		{97CF8B16-CCF4-4D08-B524-9BFA19160EC0}.Release|Any CPU.ActiveCfg = Release|Any CPU
		{97CF8B16-CCF4-4D08-B524-9BFA19160EC0}.Release|Any CPU.Build.0 = Release|Any CPU
		{533D18E1-023F-433B-B215-FA81367CD112}.Debug|Any CPU.ActiveCfg = Debug|Any CPU
		{533D18E1-023F-433B-B215-FA81367CD112}.Debug|Any CPU.Build.0 = Debug|Any CPU
		{533D18E1-023F-433B-B215-FA81367CD112}.Release|Any CPU.ActiveCfg = Release|Any CPU
		{533D18E1-023F-433B-B215-FA81367CD112}.Release|Any CPU.Build.0 = Release|Any CPU
		{1E73EE2D-2447-4984-BBD0-4DD576F7E429}.Debug|Any CPU.ActiveCfg = Debug|Any CPU
		{1E73EE2D-2447-4984-BBD0-4DD576F7E429}.Debug|Any CPU.Build.0 = Debug|Any CPU
		{1E73EE2D-2447-4984-BBD0-4DD576F7E429}.Release|Any CPU.ActiveCfg = Release|Any CPU
		{1E73EE2D-2447-4984-BBD0-4DD576F7E429}.Release|Any CPU.Build.0 = Release|Any CPU
		{0FCD7822-C692-4DD6-86C0-84AA4D9F63E7}.Debug|Any CPU.ActiveCfg = Debug|Any CPU
		{0FCD7822-C692-4DD6-86C0-84AA4D9F63E7}.Debug|Any CPU.Build.0 = Debug|Any CPU
		{0FCD7822-C692-4DD6-86C0-84AA4D9F63E7}.Release|Any CPU.ActiveCfg = Release|Any CPU
		{0FCD7822-C692-4DD6-86C0-84AA4D9F63E7}.Release|Any CPU.Build.0 = Release|Any CPU
		{8CC9D9FE-0C40-41FE-A21B-E16DBEDCAB54}.Debug|Any CPU.ActiveCfg = Debug|Any CPU
		{8CC9D9FE-0C40-41FE-A21B-E16DBEDCAB54}.Debug|Any CPU.Build.0 = Debug|Any CPU
		{8CC9D9FE-0C40-41FE-A21B-E16DBEDCAB54}.Release|Any CPU.ActiveCfg = Release|Any CPU
		{8CC9D9FE-0C40-41FE-A21B-E16DBEDCAB54}.Release|Any CPU.Build.0 = Release|Any CPU
		{E00D41C5-6F2A-4C58-B507-D4093CCC3968}.Debug|Any CPU.ActiveCfg = Debug|Any CPU
		{E00D41C5-6F2A-4C58-B507-D4093CCC3968}.Debug|Any CPU.Build.0 = Debug|Any CPU
		{E00D41C5-6F2A-4C58-B507-D4093CCC3968}.Release|Any CPU.ActiveCfg = Release|Any CPU
		{E00D41C5-6F2A-4C58-B507-D4093CCC3968}.Release|Any CPU.Build.0 = Release|Any CPU
		{90069CD4-3FE7-41B6-8229-A3E9740E812B}.Debug|Any CPU.ActiveCfg = Debug|Any CPU
		{90069CD4-3FE7-41B6-8229-A3E9740E812B}.Debug|Any CPU.Build.0 = Debug|Any CPU
		{90069CD4-3FE7-41B6-8229-A3E9740E812B}.Release|Any CPU.ActiveCfg = Release|Any CPU
		{90069CD4-3FE7-41B6-8229-A3E9740E812B}.Release|Any CPU.Build.0 = Release|Any CPU
		{EC82B252-2BA4-4938-BB1A-9263567507E9}.Debug|Any CPU.ActiveCfg = Debug|Any CPU
		{EC82B252-2BA4-4938-BB1A-9263567507E9}.Debug|Any CPU.Build.0 = Debug|Any CPU
		{EC82B252-2BA4-4938-BB1A-9263567507E9}.Release|Any CPU.ActiveCfg = Release|Any CPU
		{EC82B252-2BA4-4938-BB1A-9263567507E9}.Release|Any CPU.Build.0 = Release|Any CPU
		{2E539F27-F584-42CA-987E-BB526995B624}.Debug|Any CPU.ActiveCfg = Debug|Any CPU
		{2E539F27-F584-42CA-987E-BB526995B624}.Debug|Any CPU.Build.0 = Debug|Any CPU
		{2E539F27-F584-42CA-987E-BB526995B624}.Release|Any CPU.ActiveCfg = Release|Any CPU
		{2E539F27-F584-42CA-987E-BB526995B624}.Release|Any CPU.Build.0 = Release|Any CPU
		{7AA5AF1F-3613-44CB-92CB-13A91053E1DA}.Debug|Any CPU.ActiveCfg = Debug|Any CPU
		{7AA5AF1F-3613-44CB-92CB-13A91053E1DA}.Debug|Any CPU.Build.0 = Debug|Any CPU
		{7AA5AF1F-3613-44CB-92CB-13A91053E1DA}.Release|Any CPU.ActiveCfg = Release|Any CPU
		{7AA5AF1F-3613-44CB-92CB-13A91053E1DA}.Release|Any CPU.Build.0 = Release|Any CPU
		{CAD1056E-33A0-4F84-8025-64CB0E764B17}.Debug|Any CPU.ActiveCfg = Debug|Any CPU
		{CAD1056E-33A0-4F84-8025-64CB0E764B17}.Debug|Any CPU.Build.0 = Debug|Any CPU
		{CAD1056E-33A0-4F84-8025-64CB0E764B17}.Release|Any CPU.ActiveCfg = Release|Any CPU
		{CAD1056E-33A0-4F84-8025-64CB0E764B17}.Release|Any CPU.Build.0 = Release|Any CPU
		{6833CFBF-5D60-40CB-B237-9152F55E31FC}.Debug|Any CPU.ActiveCfg = Debug|Any CPU
		{6833CFBF-5D60-40CB-B237-9152F55E31FC}.Debug|Any CPU.Build.0 = Debug|Any CPU
		{6833CFBF-5D60-40CB-B237-9152F55E31FC}.Release|Any CPU.ActiveCfg = Release|Any CPU
		{6833CFBF-5D60-40CB-B237-9152F55E31FC}.Release|Any CPU.Build.0 = Release|Any CPU
		{C08D6B86-9B5A-42DC-8A79-3C4343BAE513}.Debug|Any CPU.ActiveCfg = Debug|Any CPU
		{C08D6B86-9B5A-42DC-8A79-3C4343BAE513}.Debug|Any CPU.Build.0 = Debug|Any CPU
		{C08D6B86-9B5A-42DC-8A79-3C4343BAE513}.Release|Any CPU.ActiveCfg = Release|Any CPU
		{C08D6B86-9B5A-42DC-8A79-3C4343BAE513}.Release|Any CPU.Build.0 = Release|Any CPU
		{4883C682-0D82-46F6-B7D1-732318905F9E}.Debug|Any CPU.ActiveCfg = Debug|Any CPU
		{4883C682-0D82-46F6-B7D1-732318905F9E}.Debug|Any CPU.Build.0 = Debug|Any CPU
		{4883C682-0D82-46F6-B7D1-732318905F9E}.Release|Any CPU.ActiveCfg = Release|Any CPU
		{4883C682-0D82-46F6-B7D1-732318905F9E}.Release|Any CPU.Build.0 = Release|Any CPU
		{2B8FEB85-EA49-4B0B-9D81-771A29B0B01A}.Debug|Any CPU.ActiveCfg = Debug|Any CPU
		{2B8FEB85-EA49-4B0B-9D81-771A29B0B01A}.Debug|Any CPU.Build.0 = Debug|Any CPU
		{2B8FEB85-EA49-4B0B-9D81-771A29B0B01A}.Release|Any CPU.ActiveCfg = Release|Any CPU
		{2B8FEB85-EA49-4B0B-9D81-771A29B0B01A}.Release|Any CPU.Build.0 = Release|Any CPU
		{C9FE6F83-9B45-4E91-A0A4-C39CCF3F570E}.Debug|Any CPU.ActiveCfg = Debug|Any CPU
		{C9FE6F83-9B45-4E91-A0A4-C39CCF3F570E}.Debug|Any CPU.Build.0 = Debug|Any CPU
		{C9FE6F83-9B45-4E91-A0A4-C39CCF3F570E}.Release|Any CPU.ActiveCfg = Release|Any CPU
		{C9FE6F83-9B45-4E91-A0A4-C39CCF3F570E}.Release|Any CPU.Build.0 = Release|Any CPU
		{78298161-0E6A-477E-A6E0-03F7CE67A89B}.Debug|Any CPU.ActiveCfg = Debug|Any CPU
		{78298161-0E6A-477E-A6E0-03F7CE67A89B}.Debug|Any CPU.Build.0 = Debug|Any CPU
		{78298161-0E6A-477E-A6E0-03F7CE67A89B}.Release|Any CPU.ActiveCfg = Release|Any CPU
		{78298161-0E6A-477E-A6E0-03F7CE67A89B}.Release|Any CPU.Build.0 = Release|Any CPU
		{D190BCEE-06C3-47BA-A2CD-7C5BFC7D916B}.Debug|Any CPU.ActiveCfg = Debug|Any CPU
		{D190BCEE-06C3-47BA-A2CD-7C5BFC7D916B}.Debug|Any CPU.Build.0 = Debug|Any CPU
		{D190BCEE-06C3-47BA-A2CD-7C5BFC7D916B}.Release|Any CPU.ActiveCfg = Release|Any CPU
		{D190BCEE-06C3-47BA-A2CD-7C5BFC7D916B}.Release|Any CPU.Build.0 = Release|Any CPU
		{F8B58C5B-7685-4DF2-AFE3-E68B7085FC34}.Debug|Any CPU.ActiveCfg = Debug|Any CPU
		{F8B58C5B-7685-4DF2-AFE3-E68B7085FC34}.Debug|Any CPU.Build.0 = Debug|Any CPU
		{F8B58C5B-7685-4DF2-AFE3-E68B7085FC34}.Release|Any CPU.ActiveCfg = Release|Any CPU
		{F8B58C5B-7685-4DF2-AFE3-E68B7085FC34}.Release|Any CPU.Build.0 = Release|Any CPU
		{FD2DF041-3C2F-4AB2-90F3-6446E2990595}.Debug|Any CPU.ActiveCfg = Debug|Any CPU
		{FD2DF041-3C2F-4AB2-90F3-6446E2990595}.Debug|Any CPU.Build.0 = Debug|Any CPU
		{FD2DF041-3C2F-4AB2-90F3-6446E2990595}.Release|Any CPU.ActiveCfg = Release|Any CPU
		{FD2DF041-3C2F-4AB2-90F3-6446E2990595}.Release|Any CPU.Build.0 = Release|Any CPU
		{004E8C58-F5CC-4474-A188-A50A7EEC463F}.Debug|Any CPU.ActiveCfg = Debug|Any CPU
		{004E8C58-F5CC-4474-A188-A50A7EEC463F}.Debug|Any CPU.Build.0 = Debug|Any CPU
		{004E8C58-F5CC-4474-A188-A50A7EEC463F}.Release|Any CPU.ActiveCfg = Release|Any CPU
		{004E8C58-F5CC-4474-A188-A50A7EEC463F}.Release|Any CPU.Build.0 = Release|Any CPU
		{D56E2D2B-4536-42EC-8E88-2CA7C3C7B907}.Debug|Any CPU.ActiveCfg = Debug|Any CPU
		{D56E2D2B-4536-42EC-8E88-2CA7C3C7B907}.Debug|Any CPU.Build.0 = Debug|Any CPU
		{D56E2D2B-4536-42EC-8E88-2CA7C3C7B907}.Release|Any CPU.ActiveCfg = Release|Any CPU
		{D56E2D2B-4536-42EC-8E88-2CA7C3C7B907}.Release|Any CPU.Build.0 = Release|Any CPU
		{82D1A96B-09D8-42FB-B2C2-2E140FCBA5AF}.Debug|Any CPU.ActiveCfg = Debug|Any CPU
		{82D1A96B-09D8-42FB-B2C2-2E140FCBA5AF}.Debug|Any CPU.Build.0 = Debug|Any CPU
		{82D1A96B-09D8-42FB-B2C2-2E140FCBA5AF}.Release|Any CPU.ActiveCfg = Release|Any CPU
		{82D1A96B-09D8-42FB-B2C2-2E140FCBA5AF}.Release|Any CPU.Build.0 = Release|Any CPU
		{77B64B51-C921-4C27-9AE4-09FB69047854}.Debug|Any CPU.ActiveCfg = Debug|Any CPU
		{77B64B51-C921-4C27-9AE4-09FB69047854}.Debug|Any CPU.Build.0 = Debug|Any CPU
		{77B64B51-C921-4C27-9AE4-09FB69047854}.Release|Any CPU.ActiveCfg = Release|Any CPU
		{77B64B51-C921-4C27-9AE4-09FB69047854}.Release|Any CPU.Build.0 = Release|Any CPU
		{A9134675-BA5A-4F52-9132-B8E25B6D75E2}.Debug|Any CPU.ActiveCfg = Debug|Any CPU
		{A9134675-BA5A-4F52-9132-B8E25B6D75E2}.Debug|Any CPU.Build.0 = Debug|Any CPU
		{A9134675-BA5A-4F52-9132-B8E25B6D75E2}.Release|Any CPU.ActiveCfg = Release|Any CPU
		{A9134675-BA5A-4F52-9132-B8E25B6D75E2}.Release|Any CPU.Build.0 = Release|Any CPU
		{246651C2-572C-45BE-AEFE-765F7043C62E}.Debug|Any CPU.ActiveCfg = Debug|Any CPU
		{246651C2-572C-45BE-AEFE-765F7043C62E}.Debug|Any CPU.Build.0 = Debug|Any CPU
		{246651C2-572C-45BE-AEFE-765F7043C62E}.Release|Any CPU.ActiveCfg = Release|Any CPU
		{246651C2-572C-45BE-AEFE-765F7043C62E}.Release|Any CPU.Build.0 = Release|Any CPU
		{6FE645C8-944D-45B8-97C9-CE255EAE4253}.Debug|Any CPU.ActiveCfg = Debug|Any CPU
		{6FE645C8-944D-45B8-97C9-CE255EAE4253}.Debug|Any CPU.Build.0 = Debug|Any CPU
		{6FE645C8-944D-45B8-97C9-CE255EAE4253}.Release|Any CPU.ActiveCfg = Release|Any CPU
		{6FE645C8-944D-45B8-97C9-CE255EAE4253}.Release|Any CPU.Build.0 = Release|Any CPU
		{2389AE64-35E0-4DB0-A0C1-869C8B5B364C}.Debug|Any CPU.ActiveCfg = Debug|Any CPU
		{2389AE64-35E0-4DB0-A0C1-869C8B5B364C}.Debug|Any CPU.Build.0 = Debug|Any CPU
		{2389AE64-35E0-4DB0-A0C1-869C8B5B364C}.Release|Any CPU.ActiveCfg = Release|Any CPU
		{2389AE64-35E0-4DB0-A0C1-869C8B5B364C}.Release|Any CPU.Build.0 = Release|Any CPU
		{4E1E563A-FEC2-4ED9-9879-941C976A8860}.Debug|Any CPU.ActiveCfg = Debug|Any CPU
		{4E1E563A-FEC2-4ED9-9879-941C976A8860}.Debug|Any CPU.Build.0 = Debug|Any CPU
		{4E1E563A-FEC2-4ED9-9879-941C976A8860}.Release|Any CPU.ActiveCfg = Release|Any CPU
		{4E1E563A-FEC2-4ED9-9879-941C976A8860}.Release|Any CPU.Build.0 = Release|Any CPU
	EndGlobalSection
	GlobalSection(SolutionProperties) = preSolution
		HideSolutionNode = FALSE
	EndGlobalSection
	GlobalSection(NestedProjects) = preSolution
		{ED06B94A-960A-470E-877D-1C2C2FB5857B} = {02EA681E-C7D8-13C7-8484-4AC65E1B71E8}
		{075A832D-F62E-4A5D-A6F7-4B2671C1DBF5} = {ED06B94A-960A-470E-877D-1C2C2FB5857B}
		{97CF8B16-CCF4-4D08-B524-9BFA19160EC0} = {ED06B94A-960A-470E-877D-1C2C2FB5857B}
		{533D18E1-023F-433B-B215-FA81367CD112} = {ED06B94A-960A-470E-877D-1C2C2FB5857B}
		{1E73EE2D-2447-4984-BBD0-4DD576F7E429} = {ED06B94A-960A-470E-877D-1C2C2FB5857B}
		{0FCD7822-C692-4DD6-86C0-84AA4D9F63E7} = {ED06B94A-960A-470E-877D-1C2C2FB5857B}
		{DDE33EC8-F9D9-411B-B705-EFAFAB9F3D7A} = {02EA681E-C7D8-13C7-8484-4AC65E1B71E8}
		{8CC9D9FE-0C40-41FE-A21B-E16DBEDCAB54} = {DDE33EC8-F9D9-411B-B705-EFAFAB9F3D7A}
		{E00D41C5-6F2A-4C58-B507-D4093CCC3968} = {DDE33EC8-F9D9-411B-B705-EFAFAB9F3D7A}
		{90069CD4-3FE7-41B6-8229-A3E9740E812B} = {DDE33EC8-F9D9-411B-B705-EFAFAB9F3D7A}
		{EC82B252-2BA4-4938-BB1A-9263567507E9} = {DDE33EC8-F9D9-411B-B705-EFAFAB9F3D7A}
		{33D18270-E16C-469D-8893-2E4C933450BD} = {02EA681E-C7D8-13C7-8484-4AC65E1B71E8}
		{2E539F27-F584-42CA-987E-BB526995B624} = {33D18270-E16C-469D-8893-2E4C933450BD}
		{7AA5AF1F-3613-44CB-92CB-13A91053E1DA} = {33D18270-E16C-469D-8893-2E4C933450BD}
		{CAD1056E-33A0-4F84-8025-64CB0E764B17} = {33D18270-E16C-469D-8893-2E4C933450BD}
		{6833CFBF-5D60-40CB-B237-9152F55E31FC} = {33D18270-E16C-469D-8893-2E4C933450BD}
		{C08D6B86-9B5A-42DC-8A79-3C4343BAE513} = {33D18270-E16C-469D-8893-2E4C933450BD}
		{D92B2225-B6E2-4263-92CC-B6FE5CB8D5E0} = {02EA681E-C7D8-13C7-8484-4AC65E1B71E8}
		{4883C682-0D82-46F6-B7D1-732318905F9E} = {D92B2225-B6E2-4263-92CC-B6FE5CB8D5E0}
		{2B8FEB85-EA49-4B0B-9D81-771A29B0B01A} = {D92B2225-B6E2-4263-92CC-B6FE5CB8D5E0}
		{C9FE6F83-9B45-4E91-A0A4-C39CCF3F570E} = {D92B2225-B6E2-4263-92CC-B6FE5CB8D5E0}
		{78298161-0E6A-477E-A6E0-03F7CE67A89B} = {D92B2225-B6E2-4263-92CC-B6FE5CB8D5E0}
		{D190BCEE-06C3-47BA-A2CD-7C5BFC7D916B} = {DDE33EC8-F9D9-411B-B705-EFAFAB9F3D7A}
		{F8B58C5B-7685-4DF2-AFE3-E68B7085FC34} = {D92B2225-B6E2-4263-92CC-B6FE5CB8D5E0}
		{17E4410F-4652-49CF-A913-B4B55E954CD7} = {02EA681E-C7D8-13C7-8484-4AC65E1B71E8}
		{FD2DF041-3C2F-4AB2-90F3-6446E2990595} = {17E4410F-4652-49CF-A913-B4B55E954CD7}
		{004E8C58-F5CC-4474-A188-A50A7EEC463F} = {17E4410F-4652-49CF-A913-B4B55E954CD7}
		{D56E2D2B-4536-42EC-8E88-2CA7C3C7B907} = {17E4410F-4652-49CF-A913-B4B55E954CD7}
		{82D1A96B-09D8-42FB-B2C2-2E140FCBA5AF} = {17E4410F-4652-49CF-A913-B4B55E954CD7}
		{77B64B51-C921-4C27-9AE4-09FB69047854} = {17E4410F-4652-49CF-A913-B4B55E954CD7}
		{52B57E04-8BA0-4524-80CF-78DEE73B8AD1} = {02EA681E-C7D8-13C7-8484-4AC65E1B71E8}
		{A9134675-BA5A-4F52-9132-B8E25B6D75E2} = {52B57E04-8BA0-4524-80CF-78DEE73B8AD1}
		{246651C2-572C-45BE-AEFE-765F7043C62E} = {52B57E04-8BA0-4524-80CF-78DEE73B8AD1}
		{6FE645C8-944D-45B8-97C9-CE255EAE4253} = {52B57E04-8BA0-4524-80CF-78DEE73B8AD1}
		{2389AE64-35E0-4DB0-A0C1-869C8B5B364C} = {52B57E04-8BA0-4524-80CF-78DEE73B8AD1}
		{4E1E563A-FEC2-4ED9-9879-941C976A8860} = {52B57E04-8BA0-4524-80CF-78DEE73B8AD1}
	EndGlobalSection
	GlobalSection(ExtensibilityGlobals) = postSolution
		SolutionGuid = {E320C5A2-D9E7-407A-9D1E-91E60A50394B}
	EndGlobalSection
EndGlobal

